
Microsoft Visual Studio Solution File, Format Version 12.00
# Visual Studio Version 17
VisualStudioVersion = 17.3.32901.215
MinimumVisualStudioVersion = 10.0.40219.1
Project("{FAE04EC0-301F-11D3-BF4B-00C04F79EFBC}") = "ex01", "ex01\ex01.csproj", "{C346E594-C0F6-41F3-AD7D-CD36673F159B}"
EndProject
Global
	GlobalSection(SolutionConfigurationPlatforms) = preSolution
		Debug|Any CPU = Debug|Any CPU
		Release|Any CPU = Release|Any CPU
	EndGlobalSection
	GlobalSection(ProjectConfigurationPlatforms) = postSolution
		{C346E594-C0F6-41F3-AD7D-CD36673F159B}.Debug|Any CPU.ActiveCfg = Debug|Any CPU
		{C346E594-C0F6-41F3-AD7D-CD36673F159B}.Debug|Any CPU.Build.0 = Debug|Any CPU
		{C346E594-C0F6-41F3-AD7D-CD36673F159B}.Release|Any CPU.ActiveCfg = Release|Any CPU
		{C346E594-C0F6-41F3-AD7D-CD36673F159B}.Release|Any CPU.Build.0 = Release|Any CPU
	EndGlobalSection
	GlobalSection(SolutionProperties) = preSolution
		HideSolutionNode = FALSE
	EndGlobalSection
	GlobalSection(ExtensibilityGlobals) = postSolution
		SolutionGuid = {CF976B32-05C1-4D21-BF15-03283844389E}
	EndGlobalSection
EndGlobal
