
Microsoft Visual Studio Solution File, Format Version 12.00
# Visual Studio Version 17
VisualStudioVersion = 17.3.32901.215
MinimumVisualStudioVersion = 10.0.40219.1
Project("{FAE04EC0-301F-11D3-BF4B-00C04F79EFBC}") = "ConsoleApp1", "ConsoleApp1\ConsoleApp1.csproj", "{D60C457B-E5DE-4EA4-ABAD-4CDA5BC8E647}"
EndProject
Global
	GlobalSection(SolutionConfigurationPlatforms) = preSolution
		Debug|Any CPU = Debug|Any CPU
		Release|Any CPU = Release|Any CPU
	EndGlobalSection
	GlobalSection(ProjectConfigurationPlatforms) = postSolution
		{D60C457B-E5DE-4EA4-ABAD-4CDA5BC8E647}.Debug|Any CPU.ActiveCfg = Debug|Any CPU
		{D60C457B-E5DE-4EA4-ABAD-4CDA5BC8E647}.Debug|Any CPU.Build.0 = Debug|Any CPU
		{D60C457B-E5DE-4EA4-ABAD-4CDA5BC8E647}.Release|Any CPU.ActiveCfg = Release|Any CPU
		{D60C457B-E5DE-4EA4-ABAD-4CDA5BC8E647}.Release|Any CPU.Build.0 = Release|Any CPU
	EndGlobalSection
	GlobalSection(SolutionProperties) = preSolution
		HideSolutionNode = FALSE
	EndGlobalSection
	GlobalSection(ExtensibilityGlobals) = postSolution
		SolutionGuid = {B75E7087-ECC2-4E2F-8E25-715BABE2E4BA}
	EndGlobalSection
EndGlobal
