
Microsoft Visual Studio Solution File, Format Version 12.00
# Visual Studio Version 17
VisualStudioVersion = 17.3.32901.215
MinimumVisualStudioVersion = 10.0.40219.1
Project("{FAE04EC0-301F-11D3-BF4B-00C04F79EFBC}") = "ex02", "ex02.csproj", "{D2E7500C-31D8-4D5B-9766-C87C89918991}"
EndProject
Global
	GlobalSection(SolutionConfigurationPlatforms) = preSolution
		Debug|Any CPU = Debug|Any CPU
		Release|Any CPU = Release|Any CPU
	EndGlobalSection
	GlobalSection(ProjectConfigurationPlatforms) = postSolution
		{D2E7500C-31D8-4D5B-9766-C87C89918991}.Debug|Any CPU.ActiveCfg = Debug|Any CPU
		{D2E7500C-31D8-4D5B-9766-C87C89918991}.Debug|Any CPU.Build.0 = Debug|Any CPU
		{D2E7500C-31D8-4D5B-9766-C87C89918991}.Release|Any CPU.ActiveCfg = Release|Any CPU
		{D2E7500C-31D8-4D5B-9766-C87C89918991}.Release|Any CPU.Build.0 = Release|Any CPU
	EndGlobalSection
	GlobalSection(SolutionProperties) = preSolution
		HideSolutionNode = FALSE
	EndGlobalSection
	GlobalSection(ExtensibilityGlobals) = postSolution
		SolutionGuid = {5A3AB295-051B-4320-9A45-C1F0312411B5}
	EndGlobalSection
EndGlobal
