
Microsoft Visual Studio Solution File, Format Version 12.00
# Visual Studio Version 17
VisualStudioVersion = 17.3.32901.215
MinimumVisualStudioVersion = 10.0.40219.1
Project("{FAE04EC0-301F-11D3-BF4B-00C04F79EFBC}") = "data", "data.csproj", "{A32ACBD9-3B4F-47FA-8FB9-0C27EECE345F}"
EndProject
Global
	GlobalSection(SolutionConfigurationPlatforms) = preSolution
		Debug|Any CPU = Debug|Any CPU
		Release|Any CPU = Release|Any CPU
	EndGlobalSection
	GlobalSection(ProjectConfigurationPlatforms) = postSolution
		{A32ACBD9-3B4F-47FA-8FB9-0C27EECE345F}.Debug|Any CPU.ActiveCfg = Debug|Any CPU
		{A32ACBD9-3B4F-47FA-8FB9-0C27EECE345F}.Debug|Any CPU.Build.0 = Debug|Any CPU
		{A32ACBD9-3B4F-47FA-8FB9-0C27EECE345F}.Release|Any CPU.ActiveCfg = Release|Any CPU
		{A32ACBD9-3B4F-47FA-8FB9-0C27EECE345F}.Release|Any CPU.Build.0 = Release|Any CPU
	EndGlobalSection
	GlobalSection(SolutionProperties) = preSolution
		HideSolutionNode = FALSE
	EndGlobalSection
	GlobalSection(ExtensibilityGlobals) = postSolution
		SolutionGuid = {F10B5C09-9BF6-4607-A7B4-3B0A9F39A8D5}
	EndGlobalSection
EndGlobal
