
Microsoft Visual Studio Solution File, Format Version 12.00
# Visual Studio Version 17
VisualStudioVersion = 17.3.32901.215
MinimumVisualStudioVersion = 10.0.40219.1
Project("{FAE04EC0-301F-11D3-BF4B-00C04F79EFBC}") = "ex01Banco", "ex01Banco.csproj", "{78526620-D287-45C9-9450-EEE5DCC20A94}"
EndProject
Global
	GlobalSection(SolutionConfigurationPlatforms) = preSolution
		Debug|Any CPU = Debug|Any CPU
		Release|Any CPU = Release|Any CPU
	EndGlobalSection
	GlobalSection(ProjectConfigurationPlatforms) = postSolution
		{78526620-D287-45C9-9450-EEE5DCC20A94}.Debug|Any CPU.ActiveCfg = Debug|Any CPU
		{78526620-D287-45C9-9450-EEE5DCC20A94}.Debug|Any CPU.Build.0 = Debug|Any CPU
		{78526620-D287-45C9-9450-EEE5DCC20A94}.Release|Any CPU.ActiveCfg = Release|Any CPU
		{78526620-D287-45C9-9450-EEE5DCC20A94}.Release|Any CPU.Build.0 = Release|Any CPU
	EndGlobalSection
	GlobalSection(SolutionProperties) = preSolution
		HideSolutionNode = FALSE
	EndGlobalSection
	GlobalSection(ExtensibilityGlobals) = postSolution
		SolutionGuid = {E9A8E30D-1E86-4A02-8A0A-49B30ED33AF7}
	EndGlobalSection
EndGlobal
