
Microsoft Visual Studio Solution File, Format Version 12.00
# Visual Studio Version 17
VisualStudioVersion = 17.3.32901.215
MinimumVisualStudioVersion = 10.0.40219.1
Project("{FAE04EC0-301F-11D3-BF4B-00C04F79EFBC}") = "ex17", "ex17\ex17.csproj", "{35355A75-E610-4AE3-9E61-7DA99ECA5CA9}"
EndProject
Global
	GlobalSection(SolutionConfigurationPlatforms) = preSolution
		Debug|Any CPU = Debug|Any CPU
		Release|Any CPU = Release|Any CPU
	EndGlobalSection
	GlobalSection(ProjectConfigurationPlatforms) = postSolution
		{35355A75-E610-4AE3-9E61-7DA99ECA5CA9}.Debug|Any CPU.ActiveCfg = Debug|Any CPU
		{35355A75-E610-4AE3-9E61-7DA99ECA5CA9}.Debug|Any CPU.Build.0 = Debug|Any CPU
		{35355A75-E610-4AE3-9E61-7DA99ECA5CA9}.Release|Any CPU.ActiveCfg = Release|Any CPU
		{35355A75-E610-4AE3-9E61-7DA99ECA5CA9}.Release|Any CPU.Build.0 = Release|Any CPU
	EndGlobalSection
	GlobalSection(SolutionProperties) = preSolution
		HideSolutionNode = FALSE
	EndGlobalSection
	GlobalSection(ExtensibilityGlobals) = postSolution
		SolutionGuid = {9D3AC2A1-8A18-4D06-8111-2CBF6CE75845}
	EndGlobalSection
EndGlobal
