
Microsoft Visual Studio Solution File, Format Version 12.00
# Visual Studio Version 17
VisualStudioVersion = 17.3.32901.215
MinimumVisualStudioVersion = 10.0.40219.1
Project("{FAE04EC0-301F-11D3-BF4B-00C04F79EFBC}") = "ex12", "ex12\ex12.csproj", "{9870370D-209C-4EAC-891E-899D1BD2D4AA}"
EndProject
Global
	GlobalSection(SolutionConfigurationPlatforms) = preSolution
		Debug|Any CPU = Debug|Any CPU
		Release|Any CPU = Release|Any CPU
	EndGlobalSection
	GlobalSection(ProjectConfigurationPlatforms) = postSolution
		{9870370D-209C-4EAC-891E-899D1BD2D4AA}.Debug|Any CPU.ActiveCfg = Debug|Any CPU
		{9870370D-209C-4EAC-891E-899D1BD2D4AA}.Debug|Any CPU.Build.0 = Debug|Any CPU
		{9870370D-209C-4EAC-891E-899D1BD2D4AA}.Release|Any CPU.ActiveCfg = Release|Any CPU
		{9870370D-209C-4EAC-891E-899D1BD2D4AA}.Release|Any CPU.Build.0 = Release|Any CPU
	EndGlobalSection
	GlobalSection(SolutionProperties) = preSolution
		HideSolutionNode = FALSE
	EndGlobalSection
	GlobalSection(ExtensibilityGlobals) = postSolution
		SolutionGuid = {83391314-6AD4-480E-993E-3B975809B0F2}
	EndGlobalSection
EndGlobal
