
Microsoft Visual Studio Solution File, Format Version 12.00
# Visual Studio Version 17
VisualStudioVersion = 17.3.32901.215
MinimumVisualStudioVersion = 10.0.40219.1
Project("{FAE04EC0-301F-11D3-BF4B-00C04F79EFBC}") = "ex19", "ex19\ex19.csproj", "{F444914F-C7BB-4BCF-A105-20CC0A74CD51}"
EndProject
Global
	GlobalSection(SolutionConfigurationPlatforms) = preSolution
		Debug|Any CPU = Debug|Any CPU
		Release|Any CPU = Release|Any CPU
	EndGlobalSection
	GlobalSection(ProjectConfigurationPlatforms) = postSolution
		{F444914F-C7BB-4BCF-A105-20CC0A74CD51}.Debug|Any CPU.ActiveCfg = Debug|Any CPU
		{F444914F-C7BB-4BCF-A105-20CC0A74CD51}.Debug|Any CPU.Build.0 = Debug|Any CPU
		{F444914F-C7BB-4BCF-A105-20CC0A74CD51}.Release|Any CPU.ActiveCfg = Release|Any CPU
		{F444914F-C7BB-4BCF-A105-20CC0A74CD51}.Release|Any CPU.Build.0 = Release|Any CPU
	EndGlobalSection
	GlobalSection(SolutionProperties) = preSolution
		HideSolutionNode = FALSE
	EndGlobalSection
	GlobalSection(ExtensibilityGlobals) = postSolution
		SolutionGuid = {AD68567D-3951-4571-B64A-3452098D1BE2}
	EndGlobalSection
EndGlobal
