
Microsoft Visual Studio Solution File, Format Version 12.00
# Visual Studio Version 17
VisualStudioVersion = 17.3.32901.215
MinimumVisualStudioVersion = 10.0.40219.1
Project("{FAE04EC0-301F-11D3-BF4B-00C04F79EFBC}") = "ex02", "ex02.csproj", "{CCB94B57-A074-4BD1-B6CA-84B524BAAB1E}"
EndProject
Global
	GlobalSection(SolutionConfigurationPlatforms) = preSolution
		Debug|Any CPU = Debug|Any CPU
		Release|Any CPU = Release|Any CPU
	EndGlobalSection
	GlobalSection(ProjectConfigurationPlatforms) = postSolution
		{CCB94B57-A074-4BD1-B6CA-84B524BAAB1E}.Debug|Any CPU.ActiveCfg = Debug|Any CPU
		{CCB94B57-A074-4BD1-B6CA-84B524BAAB1E}.Debug|Any CPU.Build.0 = Debug|Any CPU
		{CCB94B57-A074-4BD1-B6CA-84B524BAAB1E}.Release|Any CPU.ActiveCfg = Release|Any CPU
		{CCB94B57-A074-4BD1-B6CA-84B524BAAB1E}.Release|Any CPU.Build.0 = Release|Any CPU
	EndGlobalSection
	GlobalSection(SolutionProperties) = preSolution
		HideSolutionNode = FALSE
	EndGlobalSection
	GlobalSection(ExtensibilityGlobals) = postSolution
		SolutionGuid = {D7B825BF-F55C-43E0-9790-E104D400FC95}
	EndGlobalSection
EndGlobal
