
Microsoft Visual Studio Solution File, Format Version 12.00
# Visual Studio Version 17
VisualStudioVersion = 17.3.32901.215
MinimumVisualStudioVersion = 10.0.40219.1
Project("{FAE04EC0-301F-11D3-BF4B-00C04F79EFBC}") = "Desafio01", "Desafio01.csproj", "{FA20BAC6-0A1A-47D3-A096-FDAFE2986803}"
EndProject
Global
	GlobalSection(SolutionConfigurationPlatforms) = preSolution
		Debug|Any CPU = Debug|Any CPU
		Release|Any CPU = Release|Any CPU
	EndGlobalSection
	GlobalSection(ProjectConfigurationPlatforms) = postSolution
		{FA20BAC6-0A1A-47D3-A096-FDAFE2986803}.Debug|Any CPU.ActiveCfg = Debug|Any CPU
		{FA20BAC6-0A1A-47D3-A096-FDAFE2986803}.Debug|Any CPU.Build.0 = Debug|Any CPU
		{FA20BAC6-0A1A-47D3-A096-FDAFE2986803}.Release|Any CPU.ActiveCfg = Release|Any CPU
		{FA20BAC6-0A1A-47D3-A096-FDAFE2986803}.Release|Any CPU.Build.0 = Release|Any CPU
	EndGlobalSection
	GlobalSection(SolutionProperties) = preSolution
		HideSolutionNode = FALSE
	EndGlobalSection
	GlobalSection(ExtensibilityGlobals) = postSolution
		SolutionGuid = {C5BB6B70-026A-446F-9C47-884AAF02403C}
	EndGlobalSection
EndGlobal
