
Microsoft Visual Studio Solution File, Format Version 12.00
# Visual Studio Version 17
VisualStudioVersion = 17.3.32901.215
MinimumVisualStudioVersion = 10.0.40219.1
Project("{FAE04EC0-301F-11D3-BF4B-00C04F79EFBC}") = "Animais", "Animais.csproj", "{29B71756-1D75-4781-8B0E-D984AFF604BC}"
EndProject
Global
	GlobalSection(SolutionConfigurationPlatforms) = preSolution
		Debug|Any CPU = Debug|Any CPU
		Release|Any CPU = Release|Any CPU
	EndGlobalSection
	GlobalSection(ProjectConfigurationPlatforms) = postSolution
		{29B71756-1D75-4781-8B0E-D984AFF604BC}.Debug|Any CPU.ActiveCfg = Debug|Any CPU
		{29B71756-1D75-4781-8B0E-D984AFF604BC}.Debug|Any CPU.Build.0 = Debug|Any CPU
		{29B71756-1D75-4781-8B0E-D984AFF604BC}.Release|Any CPU.ActiveCfg = Release|Any CPU
		{29B71756-1D75-4781-8B0E-D984AFF604BC}.Release|Any CPU.Build.0 = Release|Any CPU
	EndGlobalSection
	GlobalSection(SolutionProperties) = preSolution
		HideSolutionNode = FALSE
	EndGlobalSection
	GlobalSection(ExtensibilityGlobals) = postSolution
		SolutionGuid = {CA3F8EE7-10AB-4F14-BAEE-8D4A29EFA638}
	EndGlobalSection
EndGlobal
