
Microsoft Visual Studio Solution File, Format Version 12.00
# Visual Studio Version 17
VisualStudioVersion = 17.3.32901.215
MinimumVisualStudioVersion = 10.0.40219.1
Project("{FAE04EC0-301F-11D3-BF4B-00C04F79EFBC}") = "ex15", "ex15\ex15.csproj", "{380C4307-6322-4ADD-8C11-3CFDD8C98E6A}"
EndProject
Global
	GlobalSection(SolutionConfigurationPlatforms) = preSolution
		Debug|Any CPU = Debug|Any CPU
		Release|Any CPU = Release|Any CPU
	EndGlobalSection
	GlobalSection(ProjectConfigurationPlatforms) = postSolution
		{380C4307-6322-4ADD-8C11-3CFDD8C98E6A}.Debug|Any CPU.ActiveCfg = Debug|Any CPU
		{380C4307-6322-4ADD-8C11-3CFDD8C98E6A}.Debug|Any CPU.Build.0 = Debug|Any CPU
		{380C4307-6322-4ADD-8C11-3CFDD8C98E6A}.Release|Any CPU.ActiveCfg = Release|Any CPU
		{380C4307-6322-4ADD-8C11-3CFDD8C98E6A}.Release|Any CPU.Build.0 = Release|Any CPU
	EndGlobalSection
	GlobalSection(SolutionProperties) = preSolution
		HideSolutionNode = FALSE
	EndGlobalSection
	GlobalSection(ExtensibilityGlobals) = postSolution
		SolutionGuid = {DAC24D1B-FCFF-493C-809D-463969D00ED6}
	EndGlobalSection
EndGlobal
