
Microsoft Visual Studio Solution File, Format Version 12.00
# Visual Studio Version 17
VisualStudioVersion = 17.3.32901.215
MinimumVisualStudioVersion = 10.0.40219.1
Project("{FAE04EC0-301F-11D3-BF4B-00C04F79EFBC}") = "ex02", "ex02.csproj", "{5089E9DB-D2E8-46A7-9550-54E8154D3E0B}"
EndProject
Global
	GlobalSection(SolutionConfigurationPlatforms) = preSolution
		Debug|Any CPU = Debug|Any CPU
		Release|Any CPU = Release|Any CPU
	EndGlobalSection
	GlobalSection(ProjectConfigurationPlatforms) = postSolution
		{5089E9DB-D2E8-46A7-9550-54E8154D3E0B}.Debug|Any CPU.ActiveCfg = Debug|Any CPU
		{5089E9DB-D2E8-46A7-9550-54E8154D3E0B}.Debug|Any CPU.Build.0 = Debug|Any CPU
		{5089E9DB-D2E8-46A7-9550-54E8154D3E0B}.Release|Any CPU.ActiveCfg = Release|Any CPU
		{5089E9DB-D2E8-46A7-9550-54E8154D3E0B}.Release|Any CPU.Build.0 = Release|Any CPU
	EndGlobalSection
	GlobalSection(SolutionProperties) = preSolution
		HideSolutionNode = FALSE
	EndGlobalSection
	GlobalSection(ExtensibilityGlobals) = postSolution
		SolutionGuid = {7C5620FB-5C33-483D-91E9-F5AC0E0E8647}
	EndGlobalSection
EndGlobal
