
Microsoft Visual Studio Solution File, Format Version 12.00
# Visual Studio Version 17
VisualStudioVersion = 17.3.32901.215
MinimumVisualStudioVersion = 10.0.40219.1
Project("{FAE04EC0-301F-11D3-BF4B-00C04F79EFBC}") = "ex8", "ex8.csproj", "{88609E7F-089B-472E-9E1E-1E545CDE69DF}"
EndProject
Global
	GlobalSection(SolutionConfigurationPlatforms) = preSolution
		Debug|Any CPU = Debug|Any CPU
		Release|Any CPU = Release|Any CPU
	EndGlobalSection
	GlobalSection(ProjectConfigurationPlatforms) = postSolution
		{88609E7F-089B-472E-9E1E-1E545CDE69DF}.Debug|Any CPU.ActiveCfg = Debug|Any CPU
		{88609E7F-089B-472E-9E1E-1E545CDE69DF}.Debug|Any CPU.Build.0 = Debug|Any CPU
		{88609E7F-089B-472E-9E1E-1E545CDE69DF}.Release|Any CPU.ActiveCfg = Release|Any CPU
		{88609E7F-089B-472E-9E1E-1E545CDE69DF}.Release|Any CPU.Build.0 = Release|Any CPU
	EndGlobalSection
	GlobalSection(SolutionProperties) = preSolution
		HideSolutionNode = FALSE
	EndGlobalSection
	GlobalSection(ExtensibilityGlobals) = postSolution
		SolutionGuid = {D891C02F-1295-4B8C-ADD5-D01F331CA2CE}
	EndGlobalSection
EndGlobal
