
Microsoft Visual Studio Solution File, Format Version 12.00
# Visual Studio Version 17
VisualStudioVersion = 17.3.32901.215
MinimumVisualStudioVersion = 10.0.40219.1
Project("{FAE04EC0-301F-11D3-BF4B-00C04F79EFBC}") = "ex18", "ex18.csproj", "{B3ABE9A3-1C09-4413-97B5-1D914026BFCC}"
EndProject
Global
	GlobalSection(SolutionConfigurationPlatforms) = preSolution
		Debug|Any CPU = Debug|Any CPU
		Release|Any CPU = Release|Any CPU
	EndGlobalSection
	GlobalSection(ProjectConfigurationPlatforms) = postSolution
		{B3ABE9A3-1C09-4413-97B5-1D914026BFCC}.Debug|Any CPU.ActiveCfg = Debug|Any CPU
		{B3ABE9A3-1C09-4413-97B5-1D914026BFCC}.Debug|Any CPU.Build.0 = Debug|Any CPU
		{B3ABE9A3-1C09-4413-97B5-1D914026BFCC}.Release|Any CPU.ActiveCfg = Release|Any CPU
		{B3ABE9A3-1C09-4413-97B5-1D914026BFCC}.Release|Any CPU.Build.0 = Release|Any CPU
	EndGlobalSection
	GlobalSection(SolutionProperties) = preSolution
		HideSolutionNode = FALSE
	EndGlobalSection
	GlobalSection(ExtensibilityGlobals) = postSolution
		SolutionGuid = {C780BCDF-9224-4CA8-8013-FC388D022A3E}
	EndGlobalSection
EndGlobal
