
Microsoft Visual Studio Solution File, Format Version 12.00
# Visual Studio Version 17
VisualStudioVersion = 17.3.32901.215
MinimumVisualStudioVersion = 10.0.40219.1
Project("{FAE04EC0-301F-11D3-BF4B-00C04F79EFBC}") = "ex5", "ex5.csproj", "{71F1368D-6C59-407C-97FB-01D1554401B0}"
EndProject
Global
	GlobalSection(SolutionConfigurationPlatforms) = preSolution
		Debug|Any CPU = Debug|Any CPU
		Release|Any CPU = Release|Any CPU
	EndGlobalSection
	GlobalSection(ProjectConfigurationPlatforms) = postSolution
		{71F1368D-6C59-407C-97FB-01D1554401B0}.Debug|Any CPU.ActiveCfg = Debug|Any CPU
		{71F1368D-6C59-407C-97FB-01D1554401B0}.Debug|Any CPU.Build.0 = Debug|Any CPU
		{71F1368D-6C59-407C-97FB-01D1554401B0}.Release|Any CPU.ActiveCfg = Release|Any CPU
		{71F1368D-6C59-407C-97FB-01D1554401B0}.Release|Any CPU.Build.0 = Release|Any CPU
	EndGlobalSection
	GlobalSection(SolutionProperties) = preSolution
		HideSolutionNode = FALSE
	EndGlobalSection
	GlobalSection(ExtensibilityGlobals) = postSolution
		SolutionGuid = {830BE295-516E-4536-BC5E-56664E1F223F}
	EndGlobalSection
EndGlobal
