
Microsoft Visual Studio Solution File, Format Version 12.00
# Visual Studio Version 17
VisualStudioVersion = 17.3.32901.215
MinimumVisualStudioVersion = 10.0.40219.1
Project("{FAE04EC0-301F-11D3-BF4B-00C04F79EFBC}") = "ex3", "ex3\ex3.csproj", "{CDA996D0-DA1E-4251-975C-7A3954658046}"
EndProject
Global
	GlobalSection(SolutionConfigurationPlatforms) = preSolution
		Debug|Any CPU = Debug|Any CPU
		Release|Any CPU = Release|Any CPU
	EndGlobalSection
	GlobalSection(ProjectConfigurationPlatforms) = postSolution
		{CDA996D0-DA1E-4251-975C-7A3954658046}.Debug|Any CPU.ActiveCfg = Debug|Any CPU
		{CDA996D0-DA1E-4251-975C-7A3954658046}.Debug|Any CPU.Build.0 = Debug|Any CPU
		{CDA996D0-DA1E-4251-975C-7A3954658046}.Release|Any CPU.ActiveCfg = Release|Any CPU
		{CDA996D0-DA1E-4251-975C-7A3954658046}.Release|Any CPU.Build.0 = Release|Any CPU
	EndGlobalSection
	GlobalSection(SolutionProperties) = preSolution
		HideSolutionNode = FALSE
	EndGlobalSection
	GlobalSection(ExtensibilityGlobals) = postSolution
		SolutionGuid = {3D09A498-49D4-4479-BDA0-684C91097958}
	EndGlobalSection
EndGlobal
