
Microsoft Visual Studio Solution File, Format Version 12.00
# Visual Studio Version 17
VisualStudioVersion = 17.3.32901.215
MinimumVisualStudioVersion = 10.0.40219.1
Project("{FAE04EC0-301F-11D3-BF4B-00C04F79EFBC}") = "exemploCarro", "exemploCarro.csproj", "{34A49F79-AB22-4239-8DE7-7C824860C6C9}"
EndProject
Global
	GlobalSection(SolutionConfigurationPlatforms) = preSolution
		Debug|Any CPU = Debug|Any CPU
		Release|Any CPU = Release|Any CPU
	EndGlobalSection
	GlobalSection(ProjectConfigurationPlatforms) = postSolution
		{34A49F79-AB22-4239-8DE7-7C824860C6C9}.Debug|Any CPU.ActiveCfg = Debug|Any CPU
		{34A49F79-AB22-4239-8DE7-7C824860C6C9}.Debug|Any CPU.Build.0 = Debug|Any CPU
		{34A49F79-AB22-4239-8DE7-7C824860C6C9}.Release|Any CPU.ActiveCfg = Release|Any CPU
		{34A49F79-AB22-4239-8DE7-7C824860C6C9}.Release|Any CPU.Build.0 = Release|Any CPU
	EndGlobalSection
	GlobalSection(SolutionProperties) = preSolution
		HideSolutionNode = FALSE
	EndGlobalSection
	GlobalSection(ExtensibilityGlobals) = postSolution
		SolutionGuid = {079E85B2-E7AD-427D-BE4F-672C0C48D448}
	EndGlobalSection
EndGlobal
