
Microsoft Visual Studio Solution File, Format Version 12.00
# Visual Studio Version 17
VisualStudioVersion = 17.3.32901.215
MinimumVisualStudioVersion = 10.0.40219.1
Project("{FAE04EC0-301F-11D3-BF4B-00C04F79EFBC}") = "ex13", "ex13\ex13.csproj", "{80C470E7-2EFB-4486-819A-591F7DAACFA3}"
EndProject
Global
	GlobalSection(SolutionConfigurationPlatforms) = preSolution
		Debug|Any CPU = Debug|Any CPU
		Release|Any CPU = Release|Any CPU
	EndGlobalSection
	GlobalSection(ProjectConfigurationPlatforms) = postSolution
		{80C470E7-2EFB-4486-819A-591F7DAACFA3}.Debug|Any CPU.ActiveCfg = Debug|Any CPU
		{80C470E7-2EFB-4486-819A-591F7DAACFA3}.Debug|Any CPU.Build.0 = Debug|Any CPU
		{80C470E7-2EFB-4486-819A-591F7DAACFA3}.Release|Any CPU.ActiveCfg = Release|Any CPU
		{80C470E7-2EFB-4486-819A-591F7DAACFA3}.Release|Any CPU.Build.0 = Release|Any CPU
	EndGlobalSection
	GlobalSection(SolutionProperties) = preSolution
		HideSolutionNode = FALSE
	EndGlobalSection
	GlobalSection(ExtensibilityGlobals) = postSolution
		SolutionGuid = {555FF72F-9F94-4F70-9523-43E5546E6710}
	EndGlobalSection
EndGlobal
